dario.cat/mergo v1.0.1 h1:Ra4+bf83h2ztPIQYNP99R6m+Y7KfnARDfID+a+vLl4s=
dario.cat/mergo v1.0.1/go.mod h1:uNxQE+84aUszobStD9th8a29P2fMDhsBdgRYvZOxGmk=
github.com/bootcamp-go/web v1.0.0 h1:uXcEWwfI0YYq9PldzJvPIf4RSXtwt6gLnQ7Vtxb4gSo=
github.com/bootcamp-go/web v1.0.0/go.mod h1:NswrU/78aW7T+bQlrvgmu6eM9p4TxltZfZ5VKgTIW9s=
github.com/go-chi/chi/v5 v5.2.0 h1:Aj1EtB0qR2Rdo2dG4O94RIU35w2lvQSj6BRA4+qwFL0=
github.com/go-chi/chi/v5 v5.2.0/go.mod h1:DslCQbL2OYiznFReuXYUmQ2hGd1aDpCnlMNITLSKoi8=
gopkg.in/check.v1 v0.0.0-20161208181325-20d25e280405/go.mod h1:Co6ibVJAznAaIkqp8huTwlJQCZ016jof/cbN4VW5Yz0=
gopkg.in/yaml.v3 v3.0.1/go.mod h1:K4uyk7z7BCEPqu6E+C64Yfv1cQ7kz7rIZviUmN+EgEM=
